
Microsoft Visual Studio Solution File, Format Version 12.00
# Visual Studio Version 17
VisualStudioVersion = 17.7.34031.279
MinimumVisualStudioVersion = 10.0.40219.1
Project("{FAE04EC0-301F-11D3-BF4B-00C04F79EFBC}") = "RinhaBackend", "RinhaBackend\RinhaBackend.csproj", "{C1F8D172-5F84-4C49-AAD5-B2D886F87759}"
EndProject
Global
	GlobalSection(SolutionConfigurationPlatforms) = preSolution
		Debug|Any CPU = Debug|Any CPU
		Release|Any CPU = Release|Any CPU
	EndGlobalSection
	GlobalSection(ProjectConfigurationPlatforms) = postSolution
		{C1F8D172-5F84-4C49-AAD5-B2D886F87759}.Debug|Any CPU.ActiveCfg = Debug|Any CPU
		{C1F8D172-5F84-4C49-AAD5-B2D886F87759}.Debug|Any CPU.Build.0 = Debug|Any CPU
		{C1F8D172-5F84-4C49-AAD5-B2D886F87759}.Release|Any CPU.ActiveCfg = Release|Any CPU
		{C1F8D172-5F84-4C49-AAD5-B2D886F87759}.Release|Any CPU.Build.0 = Release|Any CPU
	EndGlobalSection
	GlobalSection(SolutionProperties) = preSolution
		HideSolutionNode = FALSE
	EndGlobalSection
	GlobalSection(ExtensibilityGlobals) = postSolution
		SolutionGuid = {BBD4A41B-DA84-411A-84D7-E5568CC4FB6F}
	EndGlobalSection
EndGlobal
